schema: '2.0'
stages:
  train:
    cmd: python -m python.train
    deps:
    - path: data/Training/Images
      hash: md5
      md5: f57c691682dde4bda3a9a1cad4758aa5.dir
      size: 10634388251
      nfiles: 26684
    - path: data/stage2_train_metadata.csv
      hash: md5
      md5: b9a9ebdece5428a2c177bb5f694979e0
      size: 2351143
    - path: python/pcxp_mlops
      hash: md5
      md5: 8982a2fa02e86810416b3778cf8bc209.dir
      size: 117231
      nfiles: 21
    - path: python/train.py
      hash: md5
      md5: d7a27b1984cd2a1ac792a44adf87a45b
      size: 136
    outs:
    - path: models/classes.json
      hash: md5
      md5: 219ce5548c9a83d1112eff127ad8f202
      size: 41
    - path: models/model.pth
      hash: md5
      md5: 5a715f71941297c147090e0039cf709c
      size: 44782667
  evaluate:
    cmd: python -m python.evaluate
    deps:
    - path: data/Training/Images
      hash: md5
      md5: f57c691682dde4bda3a9a1cad4758aa5.dir
      size: 10634388251
      nfiles: 26684
    - path: data/stage2_train_metadata.csv
      hash: md5
      md5: b9a9ebdece5428a2c177bb5f694979e0
      size: 2351143
    - path: models/classes.json
      hash: md5
      md5: 219ce5548c9a83d1112eff127ad8f202
      size: 41
    - path: models/model.pth
      hash: md5
      md5: 5a715f71941297c147090e0039cf709c
      size: 44782667
    - path: python/evaluate.py
      hash: md5
      md5: a4085c8252aa488bbdede7f1ace5e3aa
      size: 140
    - path: python/pcxp_mlops
      hash: md5
      md5: 8982a2fa02e86810416b3778cf8bc209.dir
      size: 117231
      nfiles: 21
    outs:
    - path: models/metadata.json
      hash: md5
      md5: 00b12ae44e8f01ce0dca213811c7eb86
      size: 548
  train_ensemble:
    cmd: python -m python.train_ensemble
    deps:
    - path: data/Training/Images
      hash: md5
      md5: f57c691682dde4bda3a9a1cad4758aa5.dir
      size: 10634388251
      nfiles: 26684
    - path: data/stage2_train_metadata.csv
      hash: md5
      md5: b9a9ebdece5428a2c177bb5f694979e0
      size: 2351143
    - path: python/pcxp_mlops
      hash: md5
      md5: 8982a2fa02e86810416b3778cf8bc209.dir
      size: 117231
      nfiles: 21
    - path: python/train_ensemble.py
      hash: md5
      md5: e5760e3130ccf0af57dfcbf309bad746
      size: 184
    outs:
    - path: models/ensemble/meta_model.pkl
      hash: md5
      md5: c6cb95e3d95cdb74a130b765d619b781
      size: 911
    - path: models/ensemble/resnet18.pth
      hash: md5
      md5: c89d241f61f483c35f5d24bd9225d750
      size: 44789515
    - path: models/ensemble/resnet18_low_lr.pth
      hash: md5
      md5: 5b44d2347d91ca34a927d0c0da614e3f
      size: 44790411
    - path: models/ensemble/tiny_cnn.pth
      hash: md5
      md5: 5ff7193354ea21ad46381b7f2a8ad127
      size: 395157
  evaluate_ensemble:
    cmd: python -m python.evaluate_ensemble
    deps:
    - path: data/Training/Images
      hash: md5
      md5: f57c691682dde4bda3a9a1cad4758aa5.dir
      size: 10634388251
      nfiles: 26684
    - path: data/stage2_train_metadata.csv
      hash: md5
      md5: b9a9ebdece5428a2c177bb5f694979e0
      size: 2351143
    - path: models/ensemble/meta_model.pkl
      hash: md5
      md5: c6cb95e3d95cdb74a130b765d619b781
      size: 911
    - path: models/ensemble/resnet18.pth
      hash: md5
      md5: c89d241f61f483c35f5d24bd9225d750
      size: 44789515
    - path: models/ensemble/resnet18_low_lr.pth
      hash: md5
      md5: 5b44d2347d91ca34a927d0c0da614e3f
      size: 44790411
    - path: models/ensemble/tiny_cnn.pth
      hash: md5
      md5: 5ff7193354ea21ad46381b7f2a8ad127
      size: 395157
    - path: python/evaluate_ensemble.py
      hash: md5
      md5: aa45445c40d010ef2c3cbb6d276fd7e8
      size: 165
    - path: python/pcxp_mlops
      hash: md5
      md5: 8982a2fa02e86810416b3778cf8bc209.dir
      size: 117231
      nfiles: 21
    outs:
    - path: models/ensemble/metadata.json
      hash: md5
      md5: d7f56acfbc38733ef447f710c0a32250
      size: 633
